<?xml version="1.0" encoding="utf-8"?>
<Project ToolsVersion="4.0" xmlns="http://schemas.microsoft.com/developer/msbuild/2003">
  <ItemGroup>
    <Filter Include="Source Files">
      <UniqueIdentifier>{4FC737F1-C7A5-4376-A066-2A32D752A2FF}</UniqueIdentifier>
      <Extensions>cpp;c;cc;cxx;c++;cppm;ixx;def;odl;idl;hpj;bat;asm;asmx</Extensions>
    </Filter>
    <Filter Include="Header Files">
      <UniqueIdentifier>{93995380-89BD-4b04-88EB-625FBE52EBFB}</UniqueIdentifier>
      <Extensions>h;hh;hpp;hxx;h++;hm;inl;inc;ipp;xsd</Extensions>
    </Filter>
    <Filter Include="Resource Files">
      <UniqueIdentifier>{67DA6AB6-F800-4c08-8B7A-83BB121AAD01}</UniqueIdentifier>
      <Extensions>rc;ico;cur;bmp;dlg;rc2;rct;bin;rgs;gif;jpg;jpeg;jpe;resx;tiff;tif;png;wav;mfcribbon-ms</Extensions>
    </Filter>
    <Filter Include="Third Party Tools">
      <UniqueIdentifier>{902e343e-8b85-4f0a-bc25-442c4acced7c}</UniqueIdentifier>
    </Filter>
    <Filter Include="Third Party Tools\sqlite">
      <UniqueIdentifier>{42504c2b-0aa4-44f6-bc0d-5f61b83c0a8b}</UniqueIdentifier>
    </Filter>
    <Filter Include="Third Party Tools\whisper">
      <UniqueIdentifier>{5a397a49-f44e-46a0-bcaf-4594c629135e}</UniqueIdentifier>
    </Filter>
    <Filter Include="Third Party Tools\whisper\release">
      <UniqueIdentifier>{88888a89-d3b8-4419-a9a8-623cafe6fb07}</UniqueIdentifier>
    </Filter>
    <Filter Include="Third Party Tools\whisper\debug">
      <UniqueIdentifier>{fce94cd5-ce6e-4d84-899c-de27ff9bd5e2}</UniqueIdentifier>
    </Filter>
    <Filter Include="Third Party Tools\whisper\debug\lib">
      <UniqueIdentifier>{fc07d09b-9726-4a64-bccc-6bc2b9040370}</UniqueIdentifier>
    </Filter>
    <Filter Include="models">
      <UniqueIdentifier>{c4d0e881-483b-4d93-a066-42f2bc2cb4a1}</UniqueIdentifier>
    </Filter>
    <Filter Include="Third Party Tools\whisper\release\lib">
      <UniqueIdentifier>{b48717ab-512f-4503-a576-d04cfe408842}</UniqueIdentifier>
    </Filter>
  </ItemGroup>
  <ItemGroup>
    <ClCompile Include="WorkerNative.cpp">
      <Filter>Source Files</Filter>
    </ClCompile>
    <ClCompile Include="pch.cpp">
      <Filter>Resource Files</Filter>
    </ClCompile>
    <ClCompile Include="db.cpp">
      <Filter>Source Files</Filter>
    </ClCompile>
    <ClCompile Include="paths.cpp">
      <Filter>Source Files</Filter>
    </ClCompile>
    <ClCompile Include="Third Party Tools\sqlite\sqlite3.c">
      <Filter>Third Party Tools\sqlite</Filter>
    </ClCompile>
    <ClCompile Include="whisper_wrapper.cpp">
      <Filter>Source Files</Filter>
    </ClCompile>
  </ItemGroup>
  <ItemGroup>
    <ClInclude Include="pch.h">
      <Filter>Header Files</Filter>
    </ClInclude>
    <ClInclude Include="db.h">
      <Filter>Header Files</Filter>
    </ClInclude>
    <ClInclude Include="paths.h">
      <Filter>Header Files</Filter>
    </ClInclude>
    <ClInclude Include="Third Party Tools\sqlite\sqlite3.h">
      <Filter>Third Party Tools\sqlite</Filter>
    </ClInclude>
    <ClInclude Include="whisper_wrapper.h">
      <Filter>Header Files</Filter>
    </ClInclude>
    <ClInclude Include="Third Party Tools\whisper\whisper.h">
      <Filter>Third Party Tools\whisper\debug</Filter>
    </ClInclude>
    <ClInclude Include="Third Party Tools\whisper\ggml-cpu.h">
      <Filter>Third Party Tools\whisper\debug</Filter>
    </ClInclude>
    <ClInclude Include="Third Party Tools\whisper\ggml-common.h">
      <Filter>Third Party Tools\whisper\debug</Filter>
    </ClInclude>
    <ClInclude Include="Third Party Tools\whisper\ggml-backend.h">
      <Filter>Third Party Tools\whisper\debug</Filter>
    </ClInclude>
    <ClInclude Include="Third Party Tools\whisper\ggml-alloc.h">
      <Filter>Third Party Tools\whisper\debug</Filter>
    </ClInclude>
    <ClInclude Include="Third Party Tools\whisper\ggml.h">
      <Filter>Third Party Tools\whisper\debug</Filter>
    </ClInclude>
    <ClInclude Include="Third Party Tools\whisper\release\ggml.h">
      <Filter>Third Party Tools\whisper\release</Filter>
    </ClInclude>
    <ClInclude Include="Third Party Tools\whisper\release\ggml-alloc.h">
      <Filter>Third Party Tools\whisper\release</Filter>
    </ClInclude>
    <ClInclude Include="Third Party Tools\whisper\release\ggml-backend.h">
      <Filter>Third Party Tools\whisper\release</Filter>
    </ClInclude>
    <ClInclude Include="Third Party Tools\whisper\release\ggml-common.h">
      <Filter>Third Party Tools\whisper\release</Filter>
    </ClInclude>
    <ClInclude Include="Third Party Tools\whisper\release\ggml-cpu.h">
      <Filter>Third Party Tools\whisper\release</Filter>
    </ClInclude>
    <ClInclude Include="Third Party Tools\whisper\release\whisper.h">
      <Filter>Third Party Tools\whisper\release</Filter>
    </ClInclude>
  </ItemGroup>
  <ItemGroup>
    <Library Include="Third Party Tools\whisper\debug\lib\ggml.lib">
      <Filter>Third Party Tools\whisper\debug\lib</Filter>
    </Library>
    <Library Include="Third Party Tools\whisper\debug\lib\ggml-base.lib">
      <Filter>Third Party Tools\whisper\debug\lib</Filter>
    </Library>
    <Library Include="Third Party Tools\whisper\debug\lib\ggml-cpu.lib">
      <Filter>Third Party Tools\whisper\debug\lib</Filter>
    </Library>
    <Library Include="Third Party Tools\whisper\debug\lib\whisper.lib">
      <Filter>Third Party Tools\whisper\debug\lib</Filter>
    </Library>
    <Library Include="Third Party Tools\whisper\release\lib\ggml.lib">
      <Filter>Third Party Tools\whisper\release\lib</Filter>
    </Library>
    <Library Include="Third Party Tools\whisper\release\lib\ggml-base.lib">
      <Filter>Third Party Tools\whisper\release\lib</Filter>
    </Library>
    <Library Include="Third Party Tools\whisper\release\lib\ggml-cpu.lib">
      <Filter>Third Party Tools\whisper\release\lib</Filter>
    </Library>
    <Library Include="Third Party Tools\whisper\release\lib\whisper.lib">
      <Filter>Third Party Tools\whisper\release\lib</Filter>
    </Library>
  </ItemGroup>
  <ItemGroup>
    <None Include="model\ggml-small.bin">
      <Filter>models</Filter>
    </None>
  </ItemGroup>
</Project>