
Microsoft Visual Studio Solution File, Format Version 12.00
# Visual Studio Version 17
VisualStudioVersion = 17.14.36401.2
MinimumVisualStudioVersion = 10.0.40219.1
Project("{FAE04EC0-301F-11D3-BF4B-00C04F79EFBC}") = "MeetingAIHost", "MeetingAIHost.Unpackaged\MeetingAIHost.csproj", "{1510EB75-48F4-547A-27FC-641C0107CD89}"
	ProjectSection(ProjectDependencies) = postProject
		{6110A05F-5D95-4C45-986A-4B1CB01AC71C} = {6110A05F-5D95-4C45-986A-4B1CB01AC71C}
	EndProjectSection
EndProject
Project("{8BC9CEB8-8B4A-11D0-8D11-00A0C91BC942}") = "WorkerNative", "WorkerNative\WorkerNative.vcxproj", "{6110A05F-5D95-4C45-986A-4B1CB01AC71C}"
EndProject
Global
	GlobalSection(SolutionConfigurationPlatforms) = preSolution
		Debug|ARM64 = Debug|ARM64
		Debug|x64 = Debug|x64
		Debug|x86 = Debug|x86
		Release|ARM64 = Release|ARM64
		Release|x64 = Release|x64
		Release|x86 = Release|x86
	EndGlobalSection
	GlobalSection(ProjectConfigurationPlatforms) = postSolution
		{1510EB75-48F4-547A-27FC-641C0107CD89}.Debug|ARM64.ActiveCfg = Debug|ARM64
		{1510EB75-48F4-547A-27FC-641C0107CD89}.Debug|ARM64.Build.0 = Debug|ARM64
		{1510EB75-48F4-547A-27FC-641C0107CD89}.Debug|ARM64.Deploy.0 = Debug|ARM64
		{1510EB75-48F4-547A-27FC-641C0107CD89}.Debug|x64.ActiveCfg = Debug|x64
		{1510EB75-48F4-547A-27FC-641C0107CD89}.Debug|x64.Build.0 = Debug|x64
		{1510EB75-48F4-547A-27FC-641C0107CD89}.Debug|x64.Deploy.0 = Debug|x64
		{1510EB75-48F4-547A-27FC-641C0107CD89}.Debug|x86.ActiveCfg = Debug|x86
		{1510EB75-48F4-547A-27FC-641C0107CD89}.Debug|x86.Build.0 = Debug|x86
		{1510EB75-48F4-547A-27FC-641C0107CD89}.Debug|x86.Deploy.0 = Debug|x86
		{1510EB75-48F4-547A-27FC-641C0107CD89}.Release|ARM64.ActiveCfg = Release|ARM64
		{1510EB75-48F4-547A-27FC-641C0107CD89}.Release|ARM64.Build.0 = Release|ARM64
		{1510EB75-48F4-547A-27FC-641C0107CD89}.Release|ARM64.Deploy.0 = Release|ARM64
		{1510EB75-48F4-547A-27FC-641C0107CD89}.Release|x64.ActiveCfg = Release|x64
		{1510EB75-48F4-547A-27FC-641C0107CD89}.Release|x64.Build.0 = Release|x64
		{1510EB75-48F4-547A-27FC-641C0107CD89}.Release|x64.Deploy.0 = Release|x64
		{1510EB75-48F4-547A-27FC-641C0107CD89}.Release|x86.ActiveCfg = Release|x86
		{1510EB75-48F4-547A-27FC-641C0107CD89}.Release|x86.Build.0 = Release|x86
		{1510EB75-48F4-547A-27FC-641C0107CD89}.Release|x86.Deploy.0 = Release|x86
		{6110A05F-5D95-4C45-986A-4B1CB01AC71C}.Debug|ARM64.ActiveCfg = Debug|x64
		{6110A05F-5D95-4C45-986A-4B1CB01AC71C}.Debug|ARM64.Build.0 = Debug|x64
		{6110A05F-5D95-4C45-986A-4B1CB01AC71C}.Debug|x64.ActiveCfg = Debug|x64
		{6110A05F-5D95-4C45-986A-4B1CB01AC71C}.Debug|x64.Build.0 = Debug|x64
		{6110A05F-5D95-4C45-986A-4B1CB01AC71C}.Debug|x86.ActiveCfg = Debug|Win32
		{6110A05F-5D95-4C45-986A-4B1CB01AC71C}.Debug|x86.Build.0 = Debug|Win32
		{6110A05F-5D95-4C45-986A-4B1CB01AC71C}.Release|ARM64.ActiveCfg = Release|x64
		{6110A05F-5D95-4C45-986A-4B1CB01AC71C}.Release|ARM64.Build.0 = Release|x64
		{6110A05F-5D95-4C45-986A-4B1CB01AC71C}.Release|x64.ActiveCfg = Release|x64
		{6110A05F-5D95-4C45-986A-4B1CB01AC71C}.Release|x64.Build.0 = Release|x64
		{6110A05F-5D95-4C45-986A-4B1CB01AC71C}.Release|x86.ActiveCfg = Release|Win32
		{6110A05F-5D95-4C45-986A-4B1CB01AC71C}.Release|x86.Build.0 = Release|Win32
	EndGlobalSection
	GlobalSection(SolutionProperties) = preSolution
		HideSolutionNode = FALSE
	EndGlobalSection
	GlobalSection(ExtensibilityGlobals) = postSolution
		SolutionGuid = {A9325D5F-771C-4F24-9672-4C351E6A15F3}
	EndGlobalSection
EndGlobal
