<?xml version="1.0" encoding="utf-8"?>
<Project ToolsVersion="4.0" xmlns="http://schemas.microsoft.com/developer/msbuild/2003">
  <ItemGroup>
    <Filter Include="models">
      <UniqueIdentifier>{c4d0e881-483b-4d93-a066-42f2bc2cb4a1}</UniqueIdentifier>
    </Filter>
    <Filter Include="include">
      <UniqueIdentifier>{d782059b-67c0-4fe2-9728-b60b661361db}</UniqueIdentifier>
    </Filter>
    <Filter Include="third_party">
      <UniqueIdentifier>{0db581fc-4e0f-417f-b0b0-46ee63e114af}</UniqueIdentifier>
    </Filter>
    <Filter Include="src">
      <UniqueIdentifier>{56c3449f-9c49-4184-9c4d-2094ab16a71f}</UniqueIdentifier>
    </Filter>
    <Filter Include="src\ipc">
      <UniqueIdentifier>{c15a2d00-47e8-4850-a2d6-73fa58de2345}</UniqueIdentifier>
    </Filter>
    <Filter Include="src\storage">
      <UniqueIdentifier>{d0a74cbb-c7ba-4aed-beec-819498779a0b}</UniqueIdentifier>
    </Filter>
    <Filter Include="src\transcribe">
      <UniqueIdentifier>{2a47510f-d2db-4225-af89-99a5b85ac45f}</UniqueIdentifier>
    </Filter>
    <Filter Include="src\util">
      <UniqueIdentifier>{43c24efa-b871-48e8-9734-388c0c124d3c}</UniqueIdentifier>
    </Filter>
    <Filter Include="configs">
      <UniqueIdentifier>{4cbd1c90-42fb-4a5b-a0a5-01156e917559}</UniqueIdentifier>
    </Filter>
    <Filter Include="include\meetingai">
      <UniqueIdentifier>{f8e4afc1-0ad1-43f1-9ed0-e0d7f59db711}</UniqueIdentifier>
    </Filter>
    <Filter Include="third_party\whisper">
      <UniqueIdentifier>{a5a7ce23-1ab4-45ca-8cd4-1b860c59d72b}</UniqueIdentifier>
    </Filter>
    <Filter Include="third_party\sqlite">
      <UniqueIdentifier>{4a1da69c-a9e3-408a-8699-7101cc8f5f4c}</UniqueIdentifier>
    </Filter>
    <Filter Include="include\meetingai\util">
      <UniqueIdentifier>{0da0aadb-bb99-4b67-a03d-dbe117144187}</UniqueIdentifier>
    </Filter>
    <Filter Include="include\meetingai\app">
      <UniqueIdentifier>{7a558aa6-9fc6-40bb-beb8-1e3621a3f7cf}</UniqueIdentifier>
    </Filter>
    <Filter Include="include\meetingai\ipc">
      <UniqueIdentifier>{d6ba3d5d-bdc3-42e8-8c56-4251b909f225}</UniqueIdentifier>
    </Filter>
    <Filter Include="include\meetingai\proto">
      <UniqueIdentifier>{f25fcddf-200c-4c00-8c00-75d9f9d70953}</UniqueIdentifier>
    </Filter>
    <Filter Include="include\meetingai\storage">
      <UniqueIdentifier>{21773904-8f7f-474f-80e3-5481f178f019}</UniqueIdentifier>
    </Filter>
    <Filter Include="include\meetingai\transcribe">
      <UniqueIdentifier>{05e77de1-73cb-4722-87ee-641199fd4709}</UniqueIdentifier>
    </Filter>
    <Filter Include="src\app">
      <UniqueIdentifier>{ce4564ba-0310-461e-9170-c1118f8f8c48}</UniqueIdentifier>
    </Filter>
    <Filter Include="src\proto">
      <UniqueIdentifier>{8a982cab-1a0c-48d3-9c7c-5bf7e37eb741}</UniqueIdentifier>
    </Filter>
    <Filter Include="third_party\sqlite\include">
      <UniqueIdentifier>{44ad4d0d-add9-41f5-99d7-1bbc111c6e79}</UniqueIdentifier>
    </Filter>
    <Filter Include="third_party\sqlite\src">
      <UniqueIdentifier>{c5a6ec23-651c-4c04-84cb-7cacf00048c8}</UniqueIdentifier>
    </Filter>
    <Filter Include="third_party\whisper\include">
      <UniqueIdentifier>{a046340a-e989-4d91-a235-41e5b6cf61aa}</UniqueIdentifier>
    </Filter>
    <Filter Include="third_party\whisper\lib">
      <UniqueIdentifier>{58330f4d-777d-444b-9f3d-091af20e8872}</UniqueIdentifier>
    </Filter>
    <Filter Include="third_party\whisper\lib\x64">
      <UniqueIdentifier>{53c2a8b1-efb9-40cb-a6e9-6e2736ffd1b9}</UniqueIdentifier>
    </Filter>
    <Filter Include="third_party\whisper\lib\x64\Debug">
      <UniqueIdentifier>{ee82c6d1-c01f-4e54-bc39-a634bc6ac742}</UniqueIdentifier>
    </Filter>
    <Filter Include="third_party\whisper\lib\x64\Release">
      <UniqueIdentifier>{4a1254c4-30b7-440e-a2c7-f4e5551179e4}</UniqueIdentifier>
    </Filter>
    <Filter Include="src\main">
      <UniqueIdentifier>{a3a67a1f-ccde-4630-94a0-f171139fd939}</UniqueIdentifier>
    </Filter>
    <Filter Include="third_party\openvino_genai">
      <UniqueIdentifier>{f7d67545-875b-417e-9ae4-47565d69bf9d}</UniqueIdentifier>
    </Filter>
    <Filter Include="third_party\openvino_genai\bin">
      <UniqueIdentifier>{7928b7ed-5f04-4b07-ba92-61db45576762}</UniqueIdentifier>
    </Filter>
    <Filter Include="third_party\openvino_genai\lib">
      <UniqueIdentifier>{fa5bfe7a-09c3-4edd-b6c6-16316bce6715}</UniqueIdentifier>
    </Filter>
    <Filter Include="third_party\openvino_genai\include">
      <UniqueIdentifier>{8de1c105-2142-4674-8f60-582fcba79f26}</UniqueIdentifier>
    </Filter>
    <Filter Include="third_party\openvino_genai\plugins">
      <UniqueIdentifier>{560512df-e8f4-466f-9060-7d781d4ea525}</UniqueIdentifier>
    </Filter>
    <Filter Include="models\granite-3.3-2b-npu">
      <UniqueIdentifier>{3492df1a-2bed-42ed-9af6-7f5f288a5287}</UniqueIdentifier>
    </Filter>
    <Filter Include="third_party\openvino_genai\bin\intel64">
      <UniqueIdentifier>{012fee45-4e5a-4a40-aaef-cec9243282a1}</UniqueIdentifier>
    </Filter>
    <Filter Include="third_party\openvino_genai\bin\intel64\Debug">
      <UniqueIdentifier>{8f64c278-321f-4b44-a99a-44ce69dd2f2f}</UniqueIdentifier>
    </Filter>
    <Filter Include="third_party\openvino_genai\bin\intel64\Release">
      <UniqueIdentifier>{fe597e09-f86a-4d50-84a9-e9a3ee5af40e}</UniqueIdentifier>
    </Filter>
    <Filter Include="third_party\openvino_genai\lib\intel64">
      <UniqueIdentifier>{57dbea04-078f-4067-87cd-f06419662a13}</UniqueIdentifier>
    </Filter>
    <Filter Include="third_party\openvino_genai\lib\intel64\Debug">
      <UniqueIdentifier>{416dfc73-cf61-49e2-a799-d29d74ff9097}</UniqueIdentifier>
    </Filter>
    <Filter Include="third_party\openvino_genai\lib\intel64\Release">
      <UniqueIdentifier>{bc085b44-5edb-4553-a5b9-b51b067568c1}</UniqueIdentifier>
    </Filter>
    <Filter Include="src\granite">
      <UniqueIdentifier>{dd07cf8d-5ef0-4776-8013-e974ea108c48}</UniqueIdentifier>
    </Filter>
    <Filter Include="src\embedding">
      <UniqueIdentifier>{3505b64d-e993-4c2b-9cb3-bee9d03df001}</UniqueIdentifier>
    </Filter>
    <Filter Include="include\meetingai\granite">
      <UniqueIdentifier>{b548f99e-d68d-4885-818e-cbbc29f83faa}</UniqueIdentifier>
    </Filter>
    <Filter Include="include\meetingai\embedding">
      <UniqueIdentifier>{3777f1e8-861e-47ea-81f6-39ed6dc57a3a}</UniqueIdentifier>
    </Filter>
    <Filter Include="models\bge-m3-npu">
      <UniqueIdentifier>{d6cbdc94-2174-414d-a559-9a5e800bc137}</UniqueIdentifier>
    </Filter>
  </ItemGroup>
  <ItemGroup>
    <ClCompile Include="src\util\paths.cpp">
      <Filter>src\util</Filter>
    </ClCompile>
    <ClCompile Include="src\storage\sqlite_store.cpp">
      <Filter>src\storage</Filter>
    </ClCompile>
    <ClCompile Include="src\proto\command_parser.cpp">
      <Filter>src\proto</Filter>
    </ClCompile>
    <ClCompile Include="src\util\logging.cpp">
      <Filter>src\util</Filter>
    </ClCompile>
    <ClCompile Include="src\ipc\pipe_security.cpp">
      <Filter>src\ipc</Filter>
    </ClCompile>
    <ClCompile Include="third_party\sqlite\src\sqlite3.c">
      <Filter>third_party\sqlite\src</Filter>
    </ClCompile>
    <ClCompile Include="src\transcribe\whisper_transcriber.cpp">
      <Filter>src\transcribe</Filter>
    </ClCompile>
    <ClCompile Include="src\main\main.cpp">
      <Filter>src\main</Filter>
    </ClCompile>
    <ClCompile Include="src\pch.cpp">
      <Filter>src</Filter>
    </ClCompile>
    <ClCompile Include="third_party\libfvad\src\fvad.c" />
    <ClCompile Include="third_party\libfvad\src\signal_processing\division_operations.c" />
    <ClCompile Include="third_party\libfvad\src\signal_processing\energy.c" />
    <ClCompile Include="third_party\libfvad\src\signal_processing\get_scaling_square.c" />
    <ClCompile Include="third_party\libfvad\src\signal_processing\resample_48khz.c" />
    <ClCompile Include="third_party\libfvad\src\signal_processing\resample_by_2_internal.c" />
    <ClCompile Include="third_party\libfvad\src\signal_processing\resample_fractional.c" />
    <ClCompile Include="third_party\libfvad\src\signal_processing\spl_inl.c" />
    <ClCompile Include="third_party\libfvad\src\vad\vad_core.c" />
    <ClCompile Include="third_party\libfvad\src\vad\vad_filterbank.c" />
    <ClCompile Include="third_party\libfvad\src\vad\vad_gmm.c" />
    <ClCompile Include="third_party\libfvad\src\vad\vad_sp.c" />
    <ClCompile Include="src\granite\granite_genai.cpp">
      <Filter>src\granite</Filter>
    </ClCompile>
    <ClCompile Include="src\embedding\embedding_genai.cpp">
      <Filter>src\embedding</Filter>
    </ClCompile>
    <ClCompile Include="src\main\main_genai_example.cpp">
      <Filter>src\main</Filter>
    </ClCompile>
  </ItemGroup>
  <ItemGroup>
    <ClInclude Include="include\meetingai\util\paths.h">
      <Filter>include\meetingai\util</Filter>
    </ClInclude>
    <ClInclude Include="include\meetingai\proto\command_parser.h">
      <Filter>include\meetingai\proto</Filter>
    </ClInclude>
    <ClInclude Include="include\meetingai\util\logging.h">
      <Filter>include\meetingai\util</Filter>
    </ClInclude>
    <ClInclude Include="include\meetingai\ipc\pipe_security.h">
      <Filter>include\meetingai\ipc</Filter>
    </ClInclude>
    <ClInclude Include="third_party\sqlite\include\sqlite3.h">
      <Filter>third_party\sqlite\include</Filter>
    </ClInclude>
    <ClInclude Include="third_party\whisper\include\ggml.h">
      <Filter>third_party\whisper\include</Filter>
    </ClInclude>
    <ClInclude Include="third_party\whisper\include\ggml-alloc.h">
      <Filter>third_party\whisper\include</Filter>
    </ClInclude>
    <ClInclude Include="third_party\whisper\include\ggml-backend.h">
      <Filter>third_party\whisper\include</Filter>
    </ClInclude>
    <ClInclude Include="third_party\whisper\include\ggml-common.h">
      <Filter>third_party\whisper\include</Filter>
    </ClInclude>
    <ClInclude Include="third_party\whisper\include\ggml-cpu.h">
      <Filter>third_party\whisper\include</Filter>
    </ClInclude>
    <ClInclude Include="third_party\whisper\include\whisper.h">
      <Filter>third_party\whisper\include</Filter>
    </ClInclude>
    <ClInclude Include="src\pch.h">
      <Filter>src</Filter>
    </ClInclude>
    <ClInclude Include="include\meetingai\storage\database.hpp">
      <Filter>include\meetingai\storage</Filter>
    </ClInclude>
    <ClInclude Include="include\meetingai\transcribe\transcriber.hpp">
      <Filter>include\meetingai\transcribe</Filter>
    </ClInclude>
    <ClInclude Include="third_party\libfvad\include\fvad.h" />
    <ClInclude Include="include\meetingai\granite\granite_genai.hpp">
      <Filter>include\meetingai\granite</Filter>
    </ClInclude>
    <ClInclude Include="include\meetingai\embedding\embedding_genai.hpp">
      <Filter>include\meetingai\embedding</Filter>
    </ClInclude>
    <ClInclude Include="include\meetingai\embedding\embedding_python_service.hpp">
      <Filter>include\meetingai\embedding</Filter>
    </ClInclude>
  </ItemGroup>
  <ItemGroup>
    <None Include="models\ggml-large-v3-q5_0.bin">
      <Filter>models</Filter>
    </None>
    <None Include="models\ggml-large-v3.bin">
      <Filter>models</Filter>
    </None>
    <None Include="models\granite-3.3-2b-npu\config.json">
      <Filter>models\granite-3.3-2b-npu</Filter>
    </None>
    <None Include="models\granite-3.3-2b-npu\tokenizer.json">
      <Filter>models\granite-3.3-2b-npu</Filter>
    </None>
    <None Include="third_party\openvino_genai\bin\intel64\Debug\cache.json">
      <Filter>third_party\openvino_genai\bin\intel64\Debug</Filter>
    </None>
    <None Include="third_party\openvino_genai\bin\intel64\Debug\icudt70.dll">
      <Filter>third_party\openvino_genai\bin\intel64\Debug</Filter>
    </None>
    <None Include="third_party\openvino_genai\bin\intel64\Debug\icuuc70d.dll">
      <Filter>third_party\openvino_genai\bin\intel64\Debug</Filter>
    </None>
    <None Include="third_party\openvino_genai\bin\intel64\Debug\openvino_auto_batch_plugind.dll">
      <Filter>third_party\openvino_genai\bin\intel64\Debug</Filter>
    </None>
    <None Include="third_party\openvino_genai\bin\intel64\Debug\openvino_auto_plugind.dll">
      <Filter>third_party\openvino_genai\bin\intel64\Debug</Filter>
    </None>
    <None Include="third_party\openvino_genai\bin\intel64\Debug\openvino_cd.dll">
      <Filter>third_party\openvino_genai\bin\intel64\Debug</Filter>
    </None>
    <None Include="third_party\openvino_genai\bin\intel64\Debug\openvino_genai_cd.dll">
      <Filter>third_party\openvino_genai\bin\intel64\Debug</Filter>
    </None>
    <None Include="third_party\openvino_genai\bin\intel64\Debug\openvino_genaid.dll">
      <Filter>third_party\openvino_genai\bin\intel64\Debug</Filter>
    </None>
    <None Include="third_party\openvino_genai\bin\intel64\Debug\openvino_hetero_plugind.dll">
      <Filter>third_party\openvino_genai\bin\intel64\Debug</Filter>
    </None>
    <None Include="third_party\openvino_genai\bin\intel64\Debug\openvino_intel_cpu_plugind.dll">
      <Filter>third_party\openvino_genai\bin\intel64\Debug</Filter>
    </None>
    <None Include="third_party\openvino_genai\bin\intel64\Debug\openvino_intel_gpu_plugind.dll">
      <Filter>third_party\openvino_genai\bin\intel64\Debug</Filter>
    </None>
    <None Include="third_party\openvino_genai\bin\intel64\Debug\openvino_intel_npu_plugind.dll">
      <Filter>third_party\openvino_genai\bin\intel64\Debug</Filter>
    </None>
    <None Include="third_party\openvino_genai\bin\intel64\Debug\openvino_ir_frontendd.dll">
      <Filter>third_party\openvino_genai\bin\intel64\Debug</Filter>
    </None>
    <None Include="third_party\openvino_genai\bin\intel64\Debug\openvino_onnx_frontendd.dll">
      <Filter>third_party\openvino_genai\bin\intel64\Debug</Filter>
    </None>
    <None Include="third_party\openvino_genai\bin\intel64\Debug\openvino_paddle_frontendd.dll">
      <Filter>third_party\openvino_genai\bin\intel64\Debug</Filter>
    </None>
    <None Include="third_party\openvino_genai\bin\intel64\Debug\openvino_pytorch_frontendd.dll">
      <Filter>third_party\openvino_genai\bin\intel64\Debug</Filter>
    </None>
    <None Include="third_party\openvino_genai\bin\intel64\Debug\openvino_tensorflow_frontendd.dll">
      <Filter>third_party\openvino_genai\bin\intel64\Debug</Filter>
    </None>
    <None Include="third_party\openvino_genai\bin\intel64\Debug\openvino_tensorflow_lite_frontendd.dll">
      <Filter>third_party\openvino_genai\bin\intel64\Debug</Filter>
    </None>
    <None Include="third_party\openvino_genai\bin\intel64\Debug\openvino_tokenizersd.dll">
      <Filter>third_party\openvino_genai\bin\intel64\Debug</Filter>
    </None>
    <None Include="third_party\openvino_genai\bin\intel64\Debug\openvinod.dll">
      <Filter>third_party\openvino_genai\bin\intel64\Debug</Filter>
    </None>
    <None Include="third_party\openvino_genai\bin\intel64\Release\cache.json">
      <Filter>third_party\openvino_genai\bin\intel64\Release</Filter>
    </None>
    <None Include="third_party\openvino_genai\bin\intel64\Release\icudt70.dll">
      <Filter>third_party\openvino_genai\bin\intel64\Release</Filter>
    </None>
    <None Include="third_party\openvino_genai\bin\intel64\Release\icuuc70.dll">
      <Filter>third_party\openvino_genai\bin\intel64\Release</Filter>
    </None>
    <None Include="third_party\openvino_genai\bin\intel64\Release\openvino.dll">
      <Filter>third_party\openvino_genai\bin\intel64\Release</Filter>
    </None>
    <None Include="third_party\openvino_genai\bin\intel64\Release\openvino_auto_batch_plugin.dll">
      <Filter>third_party\openvino_genai\bin\intel64\Release</Filter>
    </None>
    <None Include="third_party\openvino_genai\bin\intel64\Release\openvino_auto_plugin.dll">
      <Filter>third_party\openvino_genai\bin\intel64\Release</Filter>
    </None>
    <None Include="third_party\openvino_genai\bin\intel64\Release\openvino_c.dll">
      <Filter>third_party\openvino_genai\bin\intel64\Release</Filter>
    </None>
    <None Include="third_party\openvino_genai\bin\intel64\Release\openvino_genai.dll">
      <Filter>third_party\openvino_genai\bin\intel64\Release</Filter>
    </None>
    <None Include="third_party\openvino_genai\bin\intel64\Release\openvino_genai_c.dll">
      <Filter>third_party\openvino_genai\bin\intel64\Release</Filter>
    </None>
    <None Include="third_party\openvino_genai\bin\intel64\Release\openvino_hetero_plugin.dll">
      <Filter>third_party\openvino_genai\bin\intel64\Release</Filter>
    </None>
    <None Include="third_party\openvino_genai\bin\intel64\Release\openvino_intel_cpu_plugin.dll">
      <Filter>third_party\openvino_genai\bin\intel64\Release</Filter>
    </None>
    <None Include="third_party\openvino_genai\bin\intel64\Release\openvino_intel_gpu_plugin.dll">
      <Filter>third_party\openvino_genai\bin\intel64\Release</Filter>
    </None>
    <None Include="third_party\openvino_genai\bin\intel64\Release\openvino_intel_npu_plugin.dll">
      <Filter>third_party\openvino_genai\bin\intel64\Release</Filter>
    </None>
    <None Include="third_party\openvino_genai\bin\intel64\Release\openvino_ir_frontend.dll">
      <Filter>third_party\openvino_genai\bin\intel64\Release</Filter>
    </None>
    <None Include="third_party\openvino_genai\bin\intel64\Release\openvino_onnx_frontend.dll">
      <Filter>third_party\openvino_genai\bin\intel64\Release</Filter>
    </None>
    <None Include="third_party\openvino_genai\bin\intel64\Release\openvino_paddle_frontend.dll">
      <Filter>third_party\openvino_genai\bin\intel64\Release</Filter>
    </None>
    <None Include="third_party\openvino_genai\bin\intel64\Release\openvino_pytorch_frontend.dll">
      <Filter>third_party\openvino_genai\bin\intel64\Release</Filter>
    </None>
    <None Include="third_party\openvino_genai\bin\intel64\Release\openvino_tensorflow_frontend.dll">
      <Filter>third_party\openvino_genai\bin\intel64\Release</Filter>
    </None>
    <None Include="third_party\openvino_genai\bin\intel64\Release\openvino_tensorflow_lite_frontend.dll">
      <Filter>third_party\openvino_genai\bin\intel64\Release</Filter>
    </None>
    <None Include="third_party\openvino_genai\bin\intel64\Release\openvino_tokenizers.dll">
      <Filter>third_party\openvino_genai\bin\intel64\Release</Filter>
    </None>
    <None Include="packages.config" />
    <None Include="packages.lock.json" />
    <None Include="third_party\openvino_genai\bin\intel64\Debug\tbb12_debug.dll">
      <Filter>third_party\openvino_genai\bin\intel64\Debug</Filter>
    </None>
    <None Include="third_party\openvino_genai\bin\intel64\Release\tbb12.dll">
      <Filter>third_party\openvino_genai\bin\intel64\Release</Filter>
    </None>
    <None Include="models\granite-3.3-2b-npu\openvino_model.bin">
      <Filter>models\granite-3.3-2b-npu</Filter>
    </None>
    <None Include="models\bge-m3-npu\config.json">
      <Filter>models\bge-m3-npu</Filter>
    </None>
    <None Include="models\bge-m3-npu\openvino_model.bin">
      <Filter>models\bge-m3-npu</Filter>
    </None>
    <None Include="models\bge-m3-npu\tokenizer.json">
      <Filter>models\bge-m3-npu</Filter>
    </None>
  </ItemGroup>
  <ItemGroup>
    <Library Include="third_party\whisper\lib\x64\Debug\ggml.lib">
      <Filter>third_party\whisper\lib\x64\Debug</Filter>
    </Library>
    <Library Include="third_party\whisper\lib\x64\Debug\ggml-base.lib">
      <Filter>third_party\whisper\lib\x64\Debug</Filter>
    </Library>
    <Library Include="third_party\whisper\lib\x64\Debug\ggml-cpu.lib">
      <Filter>third_party\whisper\lib\x64\Debug</Filter>
    </Library>
    <Library Include="third_party\whisper\lib\x64\Debug\whisper.lib">
      <Filter>third_party\whisper\lib\x64\Debug</Filter>
    </Library>
    <Library Include="third_party\whisper\lib\x64\Release\ggml.lib">
      <Filter>third_party\whisper\lib\x64\Release</Filter>
    </Library>
    <Library Include="third_party\whisper\lib\x64\Release\ggml-base.lib">
      <Filter>third_party\whisper\lib\x64\Release</Filter>
    </Library>
    <Library Include="third_party\whisper\lib\x64\Release\ggml-cpu.lib">
      <Filter>third_party\whisper\lib\x64\Release</Filter>
    </Library>
    <Library Include="third_party\whisper\lib\x64\Release\whisper.lib">
      <Filter>third_party\whisper\lib\x64\Release</Filter>
    </Library>
    <Library Include="third_party\openvino_genai\lib\intel64\Debug\openvino_cd.lib">
      <Filter>third_party\openvino_genai\lib\intel64\Debug</Filter>
    </Library>
    <Library Include="third_party\openvino_genai\lib\intel64\Debug\openvino_genai_cd.lib">
      <Filter>third_party\openvino_genai\lib\intel64\Debug</Filter>
    </Library>
    <Library Include="third_party\openvino_genai\lib\intel64\Debug\openvino_genaid.lib">
      <Filter>third_party\openvino_genai\lib\intel64\Debug</Filter>
    </Library>
    <Library Include="third_party\openvino_genai\lib\intel64\Debug\openvino_onnx_frontendd.lib">
      <Filter>third_party\openvino_genai\lib\intel64\Debug</Filter>
    </Library>
    <Library Include="third_party\openvino_genai\lib\intel64\Debug\openvino_paddle_frontendd.lib">
      <Filter>third_party\openvino_genai\lib\intel64\Debug</Filter>
    </Library>
    <Library Include="third_party\openvino_genai\lib\intel64\Debug\openvino_pytorch_frontendd.lib">
      <Filter>third_party\openvino_genai\lib\intel64\Debug</Filter>
    </Library>
    <Library Include="third_party\openvino_genai\lib\intel64\Debug\openvino_tensorflow_frontendd.lib">
      <Filter>third_party\openvino_genai\lib\intel64\Debug</Filter>
    </Library>
    <Library Include="third_party\openvino_genai\lib\intel64\Debug\openvino_tensorflow_lite_frontendd.lib">
      <Filter>third_party\openvino_genai\lib\intel64\Debug</Filter>
    </Library>
    <Library Include="third_party\openvino_genai\lib\intel64\Debug\openvinod.lib">
      <Filter>third_party\openvino_genai\lib\intel64\Debug</Filter>
    </Library>
    <Library Include="third_party\openvino_genai\lib\intel64\Release\openvino.lib">
      <Filter>third_party\openvino_genai\lib\intel64\Release</Filter>
    </Library>
    <Library Include="third_party\openvino_genai\lib\intel64\Release\openvino_c.lib">
      <Filter>third_party\openvino_genai\lib\intel64\Release</Filter>
    </Library>
    <Library Include="third_party\openvino_genai\lib\intel64\Release\openvino_genai.lib">
      <Filter>third_party\openvino_genai\lib\intel64\Release</Filter>
    </Library>
    <Library Include="third_party\openvino_genai\lib\intel64\Release\openvino_genai_c.lib">
      <Filter>third_party\openvino_genai\lib\intel64\Release</Filter>
    </Library>
    <Library Include="third_party\openvino_genai\lib\intel64\Release\openvino_onnx_frontend.lib">
      <Filter>third_party\openvino_genai\lib\intel64\Release</Filter>
    </Library>
    <Library Include="third_party\openvino_genai\lib\intel64\Release\openvino_paddle_frontend.lib">
      <Filter>third_party\openvino_genai\lib\intel64\Release</Filter>
    </Library>
    <Library Include="third_party\openvino_genai\lib\intel64\Release\openvino_pytorch_frontend.lib">
      <Filter>third_party\openvino_genai\lib\intel64\Release</Filter>
    </Library>
    <Library Include="third_party\openvino_genai\lib\intel64\Release\openvino_tensorflow_frontend.lib">
      <Filter>third_party\openvino_genai\lib\intel64\Release</Filter>
    </Library>
    <Library Include="third_party\openvino_genai\lib\intel64\Release\openvino_tensorflow_lite_frontend.lib">
      <Filter>third_party\openvino_genai\lib\intel64\Release</Filter>
    </Library>
  </ItemGroup>
  <ItemGroup>
    <Text Include="CMakeLists.txt" />
    <Text Include="CMakeLists_GenAI.txt" />
    <Text Include="CMakeLists_INTEGRATED.txt" />
    <Text Include="CMakeLists_RAG.txt" />
    <Text Include="CMakeListsBackUp.txt" />
  </ItemGroup>
  <ItemGroup>
    <Xml Include="models\granite-3.3-2b-npu\openvino_model.xml">
      <Filter>models\granite-3.3-2b-npu</Filter>
    </Xml>
    <Xml Include="models\bge-m3-npu\openvino_model.xml">
      <Filter>models\bge-m3-npu</Filter>
    </Xml>
  </ItemGroup>
</Project>