{
  "version": 1,
  "dependencies": {
    "native,Version=v0.0": {
      "Microsoft.Windows.CppWinRT": {
        "type": "Direct",
        "requested": "[2.0.250303.1, 2.0.250303.1]",
        "resolved": "2.0.250303.1",
        "contentHash": "9ofajkdPu3wuic60KKXAyCgCCGMXTlyd8KEnCzY5hVwqS8o17zwDLrJElFRx7vEf/Tr/QF2uDNDYdsYlg6TKCw=="
      }
    }
  }
}