{
  "version": 1,
  "dependencies": {
    "native,Version=v0.0": {
      "Microsoft.Windows.CppWinRT": {
        "type": "Direct",
        "requested": "[2.0.220531.1, 2.0.220531.1]",
        "resolved": "2.0.220531.1",
        "contentHash": "AXgGTdnDDIyqtRvWuWkazhIHPsAO8g8msFQDAeFwggerjBgoXwjxY3DbwbDj/GYKWM1PYZTjEHPNERnHJHSheA=="
      }
    }
  }
}