{
  "version": 2,
  "dependencies": {
    "net8.0-windows10.0.19041": {
      "Docnet.Core": {
        "type": "Direct",
        "requested": "[2.6.0, )",
        "resolved": "2.6.0",
        "contentHash": "in7fpB16Zbdz7D7Qv+4QrapTKKOU1ub2XOvmVGVDEyEwnEZjlbGIiwmpfO03q/GDDEkDM/gIAumxK0U988qSsQ=="
      },
      "DocumentFormat.OpenXml": {
        "type": "Direct",
        "requested": "[3.3.0, )",
        "resolved": "3.3.0",
        "contentHash": "JogRPJNiE6kKvbuCqVRX691pPWeGMqdQgjrUwRYkdpfkMmtElfqAgcRR73geYj7OtBeEpstldZXXzJw27LUI9w==",
        "dependencies": {
          "DocumentFormat.OpenXml.Framework": "3.3.0"
        }
      },
      "FFMpegCore": {
        "type": "Direct",
        "requested": "[5.4.0, )",
        "resolved": "5.4.0",
        "contentHash": "nymhPWpwvBaB4fOqf0thxg7Inm8SrruFQLdCMFEDKD8S3hy0/iV2vuKaJvaL9ZnbJx/2rJCHnJXOymo2apXovg==",
        "dependencies": {
          "Instances": "3.0.2",
          "System.Text.Json": "9.0.10"
        }
      },
      "Microsoft.Data.Sqlite": {
        "type": "Direct",
        "requested": "[9.0.10, )",
        "resolved": "9.0.10",
        "contentHash": "1waeeEEM/Dp5l2laUByEEWfd6qyI00HExDduhLKGT2kPnHArjIDcMf2z9HIjeLPoR56iBHhvXTfAv1hiH/wAAQ==",
        "dependencies": {
          "Microsoft.Data.Sqlite.Core": "9.0.10",
          "SQLitePCLRaw.bundle_e_sqlite3": "2.1.10",
          "SQLitePCLRaw.core": "2.1.10"
        }
      },
      "Microsoft.Windows.SDK.BuildTools": {
        "type": "Direct",
        "requested": "[10.0.26100.6901, )",
        "resolved": "10.0.26100.6901",
        "contentHash": "DyYB9KgaPC/bJasyWgdLKVQAsjbrRHEdGRx9Lw9bIcEPAItOAomqUNLOG0YQCkH3oAys468oA2yM0hdm5+YSqg=="
      },
      "Microsoft.WindowsAppSDK": {
        "type": "Direct",
        "requested": "[1.8.251003001, )",
        "resolved": "1.8.251003001",
        "contentHash": "qdYWPMArvy9QmiCLYMqGiAWg/+ucUs6JqLVgwsdkpaj6RJs5Akj/zJrbvqf50lPdLWKIOwent5ymPBEwh8S7Mw==",
        "dependencies": {
          "Microsoft.WindowsAppSDK.AI": "[1.8.38]",
          "Microsoft.WindowsAppSDK.Base": "[1.8.250831001]",
          "Microsoft.WindowsAppSDK.DWrite": "[1.8.25090401]",
          "Microsoft.WindowsAppSDK.Foundation": "[1.8.250906002]",
          "Microsoft.WindowsAppSDK.InteractiveExperiences": "[1.8.250906004]",
          "Microsoft.WindowsAppSDK.ML": "[1.8.2095]",
          "Microsoft.WindowsAppSDK.Runtime": "[1.8.251003001]",
          "Microsoft.WindowsAppSDK.Widgets": "[1.8.250904007]",
          "Microsoft.WindowsAppSDK.WinUI": "[1.8.250906003]"
        }
      },
      "NAudio": {
        "type": "Direct",
        "requested": "[2.2.1, )",
        "resolved": "2.2.1",
        "contentHash": "c0DzwiyyklM0TP39Y7RObwO3QkWecgM6H60ikiEnsV/aEAJPbj5MFCLaD8BSfKuZe0HGuh9GRGWWlJmSxDc9MA==",
        "dependencies": {
          "NAudio.Asio": "2.2.1",
          "NAudio.Core": "2.2.1",
          "NAudio.Midi": "2.2.1",
          "NAudio.Wasapi": "2.2.1",
          "NAudio.WinForms": "2.2.1",
          "NAudio.WinMM": "2.2.1"
        }
      },
      "Tesseract": {
        "type": "Direct",
        "requested": "[5.2.0, )",
        "resolved": "5.2.0",
        "contentHash": "YB7feJlrTWSXtK8+WaCcseGSPK/1r2d2FWeKGyndlrPwYClrzTlCoHD4/oQEUjKafmpkWlhTZZ7pxiRJYZgj6w==",
        "dependencies": {
          "System.Reflection.Emit": "4.7.0"
        }
      },
      "DocumentFormat.OpenXml.Framework": {
        "type": "Transitive",
        "resolved": "3.3.0",
        "contentHash": "R5CLzEoeyr7XDB7g3NTxRobcU19agaxVAhGZm+fZUShJGiU4bw8oUgnA2BNFepigJckfFMayOBMAbV3kDXNInA==",
        "dependencies": {
          "System.IO.Packaging": "8.0.1"
        }
      },
      "Instances": {
        "type": "Transitive",
        "resolved": "3.0.2",
        "contentHash": "LfhegDpmA8PuHW58RmgVvCDG/mfVCTU+Vhy4ppmXLJfAer33Xl0NocDy92OwSL6CnkVdx41O/I0+BjNhU1JtMQ=="
      },
      "Microsoft.Data.Sqlite.Core": {
        "type": "Transitive",
        "resolved": "9.0.10",
        "contentHash": "tWbN2uzG4uBxxMjcHA3Oa9ecAYjyRTfDwRbgQ7ueyx7eEgyYbBiKADY2rllF8wO3dHUvN+/8fgylwSGMfiCtVg==",
        "dependencies": {
          "SQLitePCLRaw.core": "2.1.10"
        }
      },
      "Microsoft.NETCore.Platforms": {
        "type": "Transitive",
        "resolved": "3.1.0",
        "contentHash": "z7aeg8oHln2CuNulfhiLYxCVMPEwBl3rzicjvIX+4sUuCwvXw5oXQEtbiU2c0z4qYL5L3Kmx0mMA/+t/SbY67w=="
      },
      "Microsoft.Web.WebView2": {
        "type": "Transitive",
        "resolved": "1.0.3179.45",
        "contentHash": "3pokSH5CnN0G6rGhGFo1y87inxYhNxBQ2Vdf0wlvBj99KHxQJormjDACmqRnFeUsmuNFIhWwfAL1ztq7wD5qRA=="
      },
      "Microsoft.Win32.Registry": {
        "type": "Transitive",
        "resolved": "4.7.0",
        "contentHash": "KSrRMb5vNi0CWSGG1++id2ZOs/1QhRqROt+qgbEAdQuGjGrFcl4AOl4/exGPUYz2wUnU42nvJqon1T3U0kPXLA==",
        "dependencies": {
          "System.Security.AccessControl": "4.7.0",
          "System.Security.Principal.Windows": "4.7.0"
        }
      },
      "Microsoft.Windows.SDK.BuildTools.MSIX": {
        "type": "Transitive",
        "resolved": "1.7.20250829.1",
        "contentHash": "IMdvRmCIZnBS5GkYnv0po1bcx6U1OF39pqA4TphQ9evDzpCRoSE19/PkDvlUNNrBavTsLIEJgd/TAIFner75ow=="
      },
      "Microsoft.WindowsAppSDK.AI": {
        "type": "Transitive",
        "resolved": "1.8.38",
        "contentHash": "6qTuu2DLprytb+yx8bKUDJLtp4CELeVcQo6JyhJYOjj1cGzOGLnweQKg+OuwkX1u/LVJGDjnad5TAjU7mEoeSw==",
        "dependencies": {
          "Microsoft.WindowsAppSDK.Base": "1.8.250831001",
          "Microsoft.WindowsAppSDK.Foundation": "1.8.250906002"
        }
      },
      "Microsoft.WindowsAppSDK.Base": {
        "type": "Transitive",
        "resolved": "1.8.250831001",
        "contentHash": "8LlfXBS2Hpw+OoVXViJmIOPXl0nMbqMaFR3j6+QHFNc62VULwPEcXiMRcP2WbV/+mtC7W2LH6yx6uu/Hrr9lVw==",
        "dependencies": {
          "Microsoft.Windows.SDK.BuildTools": "10.0.26100.4654",
          "Microsoft.Windows.SDK.BuildTools.MSIX": "1.7.20250829.1"
        }
      },
      "Microsoft.WindowsAppSDK.DWrite": {
        "type": "Transitive",
        "resolved": "1.8.25090401",
        "contentHash": "WJ0p9yMgiNYqU2O5ZKCXcb7FBjryIUUopgeYMvnlf1yBUYgdjMFMkoJqYVqkz866wnntiB2IZhLxEzhFzvVs1A==",
        "dependencies": {
          "Microsoft.WindowsAppSDK.Base": "1.8.250831001"
        }
      },
      "Microsoft.WindowsAppSDK.Foundation": {
        "type": "Transitive",
        "resolved": "1.8.250906002",
        "contentHash": "ltIXeHUX0AATpqmx/oBcRK+zhtK0KAfoGqItlQRlef9kG7Itj9iXAI+1EdFr4cQYzHzFM3PPLszEWDyR633svA==",
        "dependencies": {
          "Microsoft.WindowsAppSDK.Base": "1.8.250831001",
          "Microsoft.WindowsAppSDK.InteractiveExperiences": "1.8.250906004"
        }
      },
      "Microsoft.WindowsAppSDK.InteractiveExperiences": {
        "type": "Transitive",
        "resolved": "1.8.250906004",
        "contentHash": "UoK2yeZiycD1DmADHZz+hcMAoOaUfXLc9qUPfOjmVeKQ6i5ghGMjx/nd49bksP3wVhmSGHxb3argRKWPkK5maw==",
        "dependencies": {
          "Microsoft.WindowsAppSDK.Base": "1.8.250831001"
        }
      },
      "Microsoft.WindowsAppSDK.ML": {
        "type": "Transitive",
        "resolved": "1.8.2095",
        "contentHash": "eYBtHfQXxCFZUTWwl1NCjF33TqAgY61aSlBSP3JkpgYu8Viei726vVzaZA8INeBIYtwhS9nktfD5iJn7KpK4/w==",
        "dependencies": {
          "Microsoft.WindowsAppSDK.Base": "1.8.250831001",
          "Microsoft.WindowsAppSDK.Foundation": "1.8.250906002"
        }
      },
      "Microsoft.WindowsAppSDK.Runtime": {
        "type": "Transitive",
        "resolved": "1.8.251003001",
        "contentHash": "AwL3F3VXHqh0d2s2v7TFJUtUyKIBLdQKkgAoJu669sWN6KgIQryxhIAW3DFwfeDvLnj6PqgmgmFL0URRCAWxrg==",
        "dependencies": {
          "Microsoft.WindowsAppSDK.Base": "1.8.250831001"
        }
      },
      "Microsoft.WindowsAppSDK.Widgets": {
        "type": "Transitive",
        "resolved": "1.8.250904007",
        "contentHash": "sgwdXYhb8S4JjBmWWiFxALT1xK0fJeAbisolctmodMX7tlvBXDgUyvl/GHfTQ61DGIiW+kokX61WR46L2YlhAA==",
        "dependencies": {
          "Microsoft.WindowsAppSDK.Base": "1.8.250831001"
        }
      },
      "Microsoft.WindowsAppSDK.WinUI": {
        "type": "Transitive",
        "resolved": "1.8.250906003",
        "contentHash": "6oskwUluqlDGwUcwYlY3GWTMLajyjh9e790SmWzCCMDRV6sunYbqp7DkiSLzn8nhgSbGvmj6zG92JnkYRlbrXw==",
        "dependencies": {
          "Microsoft.Web.WebView2": "1.0.3179.45",
          "Microsoft.WindowsAppSDK.Base": "1.8.250831001",
          "Microsoft.WindowsAppSDK.Foundation": "1.8.250906002",
          "Microsoft.WindowsAppSDK.InteractiveExperiences": "1.8.250906004"
        }
      },
      "NAudio.Asio": {
        "type": "Transitive",
        "resolved": "2.2.1",
        "contentHash": "hQglyOT5iT3XuGpBP8ZG0+aoqwRfidHjTNehpoWwX0g6KJEgtH2VaqM2nuJ2mheKZa/IBqB4YQTZVvrIapzfOA==",
        "dependencies": {
          "Microsoft.Win32.Registry": "4.7.0",
          "NAudio.Core": "2.2.1"
        }
      },
      "NAudio.Core": {
        "type": "Transitive",
        "resolved": "2.2.1",
        "contentHash": "GgkdP6K/7FqXFo7uHvoqGZTJvW4z8g2IffhOO4JHaLzKCdDOUEzVKtveoZkCuUX8eV2HAINqi7VFqlFndrnz/g=="
      },
      "NAudio.Midi": {
        "type": "Transitive",
        "resolved": "2.2.1",
        "contentHash": "6r23ylGo5aeP02WFXsPquz0T0hFJWyh+7t++tz19tc3Kr38NHm+Z9j+FiAv+xkH8tZqXJqus9Q8p6u7bidIgbw==",
        "dependencies": {
          "NAudio.Core": "2.2.1"
        }
      },
      "NAudio.Wasapi": {
        "type": "Transitive",
        "resolved": "2.2.1",
        "contentHash": "lFfXoqacZZe0WqNChJgGYI+XV/n/61LzPHT3C1CJp4khoxeo2sziyX5wzNYWeCMNbsWxFvT3b3iXeY1UYjBhZw==",
        "dependencies": {
          "NAudio.Core": "2.2.1"
        }
      },
      "NAudio.WinForms": {
        "type": "Transitive",
        "resolved": "2.2.1",
        "contentHash": "DlDkewY1myY0A+3NrYRJD+MZhZV0yy1mNF6dckB27IQ9XCs/My5Ip8BZcoSHOsaPSe2GAjvoaDnk6N9w8xTv7w==",
        "dependencies": {
          "NAudio.WinMM": "2.2.1"
        }
      },
      "NAudio.WinMM": {
        "type": "Transitive",
        "resolved": "2.2.1",
        "contentHash": "xFHRFwH4x6aq3IxRbewvO33ugJRvZFEOfO62i7uQJRUNW2cnu6BeBTHUS0JD5KBucZbHZaYqxQG8dwZ47ezQuQ==",
        "dependencies": {
          "Microsoft.Win32.Registry": "4.7.0",
          "NAudio.Core": "2.2.1"
        }
      },
      "SQLitePCLRaw.bundle_e_sqlite3": {
        "type": "Transitive",
        "resolved": "2.1.10",
        "contentHash": "UxWuisvZ3uVcVOLJQv7urM/JiQH+v3TmaJc1BLKl5Dxfm/nTzTUrqswCqg/INiYLi61AXnHo1M1JPmPqqLnAdg==",
        "dependencies": {
          "SQLitePCLRaw.lib.e_sqlite3": "2.1.10",
          "SQLitePCLRaw.provider.e_sqlite3": "2.1.10"
        }
      },
      "SQLitePCLRaw.core": {
        "type": "Transitive",
        "resolved": "2.1.10",
        "contentHash": "Ii8JCbC7oiVclaE/mbDEK000EFIJ+ShRPwAvvV89GOZhQ+ZLtlnSWl6ksCNMKu/VGXA4Nfi2B7LhN/QFN9oBcw==",
        "dependencies": {
          "System.Memory": "4.5.3"
        }
      },
      "SQLitePCLRaw.lib.e_sqlite3": {
        "type": "Transitive",
        "resolved": "2.1.10",
        "contentHash": "mAr69tDbnf3QJpRy2nJz8Qdpebdil00fvycyByR58Cn9eARvR+UiG2Vzsp+4q1tV3ikwiYIjlXCQFc12GfebbA=="
      },
      "SQLitePCLRaw.provider.e_sqlite3": {
        "type": "Transitive",
        "resolved": "2.1.10",
        "contentHash": "uZVTi02C1SxqzgT0HqTWatIbWGb40iIkfc3FpFCpE/r7g6K0PqzDUeefL6P6HPhDtc6BacN3yQysfzP7ks+wSQ==",
        "dependencies": {
          "SQLitePCLRaw.core": "2.1.10"
        }
      },
      "System.IO.Packaging": {
        "type": "Transitive",
        "resolved": "8.0.1",
        "contentHash": "KYkIOAvPexQOLDxPO2g0BVoWInnQhPpkFzRqvNrNrMhVT6kqhVr0zEb6KCHlptLFukxnZrjuMVAnxK7pOGUYrw=="
      },
      "System.IO.Pipelines": {
        "type": "Transitive",
        "resolved": "9.0.10",
        "contentHash": "lwI0mhHcCxMtNSxB5ate9Gc9petWovRBUprtjz2yiIDDZPGBIaUiqNzQHJzjPuzTnvNbEMilpAXjDguKsU/2Fg=="
      },
      "System.Memory": {
        "type": "Transitive",
        "resolved": "4.5.3",
        "contentHash": "3oDzvc/zzetpTKWMShs1AADwZjQ/36HnsufHRPcOjyRAAMLDlu2iD33MBI2opxnezcVUtXyqDXXjoFMOU9c7SA=="
      },
      "System.Reflection.Emit": {
        "type": "Transitive",
        "resolved": "4.7.0",
        "contentHash": "VR4kk8XLKebQ4MZuKuIni/7oh+QGFmZW3qORd1GvBq/8026OpW501SzT/oypwiQl4TvT8ErnReh/NzY9u+C6wQ=="
      },
      "System.Security.AccessControl": {
        "type": "Transitive",
        "resolved": "4.7.0",
        "contentHash": "JECvTt5aFF3WT3gHpfofL2MNNP6v84sxtXxpqhLBCcDRzqsPBmHhQ6shv4DwwN2tRlzsUxtb3G9M3763rbXKDg==",
        "dependencies": {
          "Microsoft.NETCore.Platforms": "3.1.0",
          "System.Security.Principal.Windows": "4.7.0"
        }
      },
      "System.Security.Principal.Windows": {
        "type": "Transitive",
        "resolved": "4.7.0",
        "contentHash": "ojD0PX0XhneCsUbAZVKdb7h/70vyYMDYs85lwEI+LngEONe/17A0cFaRFqZU+sOEidcVswYWikYOQ9PPfjlbtQ=="
      },
      "System.Text.Encodings.Web": {
        "type": "Transitive",
        "resolved": "9.0.10",
        "contentHash": "znmiJFUa0GGwq7t6ShUKBDRlPsNJaudNFI7rVeyGnRBhiRMegBvu2GRcadThP/QX/a5UpGgZbe6tolDooobj/Q=="
      },
      "System.Text.Json": {
        "type": "Transitive",
        "resolved": "9.0.10",
        "contentHash": "XM02ZBnzxk7Ti6l9YRy8Bp639wANqJzJzw4W4VYiCh+HXY9hBOWkGB4k89OLP/s/RxgM02P4a/mWcJTgFiLf1Q==",
        "dependencies": {
          "System.IO.Pipelines": "9.0.10",
          "System.Text.Encodings.Web": "9.0.10"
        }
      }
    },
    "net8.0-windows10.0.19041/win-arm64": {
      "Docnet.Core": {
        "type": "Direct",
        "requested": "[2.6.0, )",
        "resolved": "2.6.0",
        "contentHash": "in7fpB16Zbdz7D7Qv+4QrapTKKOU1ub2XOvmVGVDEyEwnEZjlbGIiwmpfO03q/GDDEkDM/gIAumxK0U988qSsQ=="
      },
      "Microsoft.Web.WebView2": {
        "type": "Transitive",
        "resolved": "1.0.3179.45",
        "contentHash": "3pokSH5CnN0G6rGhGFo1y87inxYhNxBQ2Vdf0wlvBj99KHxQJormjDACmqRnFeUsmuNFIhWwfAL1ztq7wD5qRA=="
      },
      "Microsoft.Win32.Registry": {
        "type": "Transitive",
        "resolved": "4.7.0",
        "contentHash": "KSrRMb5vNi0CWSGG1++id2ZOs/1QhRqROt+qgbEAdQuGjGrFcl4AOl4/exGPUYz2wUnU42nvJqon1T3U0kPXLA==",
        "dependencies": {
          "System.Security.AccessControl": "4.7.0",
          "System.Security.Principal.Windows": "4.7.0"
        }
      },
      "Microsoft.WindowsAppSDK.Foundation": {
        "type": "Transitive",
        "resolved": "1.8.250906002",
        "contentHash": "ltIXeHUX0AATpqmx/oBcRK+zhtK0KAfoGqItlQRlef9kG7Itj9iXAI+1EdFr4cQYzHzFM3PPLszEWDyR633svA==",
        "dependencies": {
          "Microsoft.WindowsAppSDK.Base": "1.8.250831001",
          "Microsoft.WindowsAppSDK.InteractiveExperiences": "1.8.250906004"
        }
      },
      "Microsoft.WindowsAppSDK.ML": {
        "type": "Transitive",
        "resolved": "1.8.2095",
        "contentHash": "eYBtHfQXxCFZUTWwl1NCjF33TqAgY61aSlBSP3JkpgYu8Viei726vVzaZA8INeBIYtwhS9nktfD5iJn7KpK4/w==",
        "dependencies": {
          "Microsoft.WindowsAppSDK.Base": "1.8.250831001",
          "Microsoft.WindowsAppSDK.Foundation": "1.8.250906002"
        }
      },
      "SQLitePCLRaw.lib.e_sqlite3": {
        "type": "Transitive",
        "resolved": "2.1.10",
        "contentHash": "mAr69tDbnf3QJpRy2nJz8Qdpebdil00fvycyByR58Cn9eARvR+UiG2Vzsp+4q1tV3ikwiYIjlXCQFc12GfebbA=="
      },
      "System.Security.AccessControl": {
        "type": "Transitive",
        "resolved": "4.7.0",
        "contentHash": "JECvTt5aFF3WT3gHpfofL2MNNP6v84sxtXxpqhLBCcDRzqsPBmHhQ6shv4DwwN2tRlzsUxtb3G9M3763rbXKDg==",
        "dependencies": {
          "Microsoft.NETCore.Platforms": "3.1.0",
          "System.Security.Principal.Windows": "4.7.0"
        }
      },
      "System.Security.Principal.Windows": {
        "type": "Transitive",
        "resolved": "4.7.0",
        "contentHash": "ojD0PX0XhneCsUbAZVKdb7h/70vyYMDYs85lwEI+LngEONe/17A0cFaRFqZU+sOEidcVswYWikYOQ9PPfjlbtQ=="
      },
      "System.Text.Encodings.Web": {
        "type": "Transitive",
        "resolved": "9.0.10",
        "contentHash": "znmiJFUa0GGwq7t6ShUKBDRlPsNJaudNFI7rVeyGnRBhiRMegBvu2GRcadThP/QX/a5UpGgZbe6tolDooobj/Q=="
      }
    },
    "net8.0-windows10.0.19041/win-x64": {
      "Docnet.Core": {
        "type": "Direct",
        "requested": "[2.6.0, )",
        "resolved": "2.6.0",
        "contentHash": "in7fpB16Zbdz7D7Qv+4QrapTKKOU1ub2XOvmVGVDEyEwnEZjlbGIiwmpfO03q/GDDEkDM/gIAumxK0U988qSsQ=="
      },
      "Microsoft.Web.WebView2": {
        "type": "Transitive",
        "resolved": "1.0.3179.45",
        "contentHash": "3pokSH5CnN0G6rGhGFo1y87inxYhNxBQ2Vdf0wlvBj99KHxQJormjDACmqRnFeUsmuNFIhWwfAL1ztq7wD5qRA=="
      },
      "Microsoft.Win32.Registry": {
        "type": "Transitive",
        "resolved": "4.7.0",
        "contentHash": "KSrRMb5vNi0CWSGG1++id2ZOs/1QhRqROt+qgbEAdQuGjGrFcl4AOl4/exGPUYz2wUnU42nvJqon1T3U0kPXLA==",
        "dependencies": {
          "System.Security.AccessControl": "4.7.0",
          "System.Security.Principal.Windows": "4.7.0"
        }
      },
      "Microsoft.WindowsAppSDK.Foundation": {
        "type": "Transitive",
        "resolved": "1.8.250906002",
        "contentHash": "ltIXeHUX0AATpqmx/oBcRK+zhtK0KAfoGqItlQRlef9kG7Itj9iXAI+1EdFr4cQYzHzFM3PPLszEWDyR633svA==",
        "dependencies": {
          "Microsoft.WindowsAppSDK.Base": "1.8.250831001",
          "Microsoft.WindowsAppSDK.InteractiveExperiences": "1.8.250906004"
        }
      },
      "Microsoft.WindowsAppSDK.ML": {
        "type": "Transitive",
        "resolved": "1.8.2095",
        "contentHash": "eYBtHfQXxCFZUTWwl1NCjF33TqAgY61aSlBSP3JkpgYu8Viei726vVzaZA8INeBIYtwhS9nktfD5iJn7KpK4/w==",
        "dependencies": {
          "Microsoft.WindowsAppSDK.Base": "1.8.250831001",
          "Microsoft.WindowsAppSDK.Foundation": "1.8.250906002"
        }
      },
      "SQLitePCLRaw.lib.e_sqlite3": {
        "type": "Transitive",
        "resolved": "2.1.10",
        "contentHash": "mAr69tDbnf3QJpRy2nJz8Qdpebdil00fvycyByR58Cn9eARvR+UiG2Vzsp+4q1tV3ikwiYIjlXCQFc12GfebbA=="
      },
      "System.Security.AccessControl": {
        "type": "Transitive",
        "resolved": "4.7.0",
        "contentHash": "JECvTt5aFF3WT3gHpfofL2MNNP6v84sxtXxpqhLBCcDRzqsPBmHhQ6shv4DwwN2tRlzsUxtb3G9M3763rbXKDg==",
        "dependencies": {
          "Microsoft.NETCore.Platforms": "3.1.0",
          "System.Security.Principal.Windows": "4.7.0"
        }
      },
      "System.Security.Principal.Windows": {
        "type": "Transitive",
        "resolved": "4.7.0",
        "contentHash": "ojD0PX0XhneCsUbAZVKdb7h/70vyYMDYs85lwEI+LngEONe/17A0cFaRFqZU+sOEidcVswYWikYOQ9PPfjlbtQ=="
      },
      "System.Text.Encodings.Web": {
        "type": "Transitive",
        "resolved": "9.0.10",
        "contentHash": "znmiJFUa0GGwq7t6ShUKBDRlPsNJaudNFI7rVeyGnRBhiRMegBvu2GRcadThP/QX/a5UpGgZbe6tolDooobj/Q=="
      }
    },
    "net8.0-windows10.0.19041/win-x86": {
      "Docnet.Core": {
        "type": "Direct",
        "requested": "[2.6.0, )",
        "resolved": "2.6.0",
        "contentHash": "in7fpB16Zbdz7D7Qv+4QrapTKKOU1ub2XOvmVGVDEyEwnEZjlbGIiwmpfO03q/GDDEkDM/gIAumxK0U988qSsQ=="
      },
      "Microsoft.Web.WebView2": {
        "type": "Transitive",
        "resolved": "1.0.3179.45",
        "contentHash": "3pokSH5CnN0G6rGhGFo1y87inxYhNxBQ2Vdf0wlvBj99KHxQJormjDACmqRnFeUsmuNFIhWwfAL1ztq7wD5qRA=="
      },
      "Microsoft.Win32.Registry": {
        "type": "Transitive",
        "resolved": "4.7.0",
        "contentHash": "KSrRMb5vNi0CWSGG1++id2ZOs/1QhRqROt+qgbEAdQuGjGrFcl4AOl4/exGPUYz2wUnU42nvJqon1T3U0kPXLA==",
        "dependencies": {
          "System.Security.AccessControl": "4.7.0",
          "System.Security.Principal.Windows": "4.7.0"
        }
      },
      "Microsoft.WindowsAppSDK.Foundation": {
        "type": "Transitive",
        "resolved": "1.8.250906002",
        "contentHash": "ltIXeHUX0AATpqmx/oBcRK+zhtK0KAfoGqItlQRlef9kG7Itj9iXAI+1EdFr4cQYzHzFM3PPLszEWDyR633svA==",
        "dependencies": {
          "Microsoft.WindowsAppSDK.Base": "1.8.250831001",
          "Microsoft.WindowsAppSDK.InteractiveExperiences": "1.8.250906004"
        }
      },
      "Microsoft.WindowsAppSDK.ML": {
        "type": "Transitive",
        "resolved": "1.8.2095",
        "contentHash": "eYBtHfQXxCFZUTWwl1NCjF33TqAgY61aSlBSP3JkpgYu8Viei726vVzaZA8INeBIYtwhS9nktfD5iJn7KpK4/w==",
        "dependencies": {
          "Microsoft.WindowsAppSDK.Base": "1.8.250831001",
          "Microsoft.WindowsAppSDK.Foundation": "1.8.250906002"
        }
      },
      "SQLitePCLRaw.lib.e_sqlite3": {
        "type": "Transitive",
        "resolved": "2.1.10",
        "contentHash": "mAr69tDbnf3QJpRy2nJz8Qdpebdil00fvycyByR58Cn9eARvR+UiG2Vzsp+4q1tV3ikwiYIjlXCQFc12GfebbA=="
      },
      "System.Security.AccessControl": {
        "type": "Transitive",
        "resolved": "4.7.0",
        "contentHash": "JECvTt5aFF3WT3gHpfofL2MNNP6v84sxtXxpqhLBCcDRzqsPBmHhQ6shv4DwwN2tRlzsUxtb3G9M3763rbXKDg==",
        "dependencies": {
          "Microsoft.NETCore.Platforms": "3.1.0",
          "System.Security.Principal.Windows": "4.7.0"
        }
      },
      "System.Security.Principal.Windows": {
        "type": "Transitive",
        "resolved": "4.7.0",
        "contentHash": "ojD0PX0XhneCsUbAZVKdb7h/70vyYMDYs85lwEI+LngEONe/17A0cFaRFqZU+sOEidcVswYWikYOQ9PPfjlbtQ=="
      },
      "System.Text.Encodings.Web": {
        "type": "Transitive",
        "resolved": "9.0.10",
        "contentHash": "znmiJFUa0GGwq7t6ShUKBDRlPsNJaudNFI7rVeyGnRBhiRMegBvu2GRcadThP/QX/a5UpGgZbe6tolDooobj/Q=="
      }
    }
  }
}